
Microsoft Visual Studio Solution File, Format Version 12.00
# Visual Studio Version 17
VisualStudioVersion = 17.6.33712.159
MinimumVisualStudioVersion = 10.0.40219.1
Project("{8BC9CEB8-8B4A-11D0-8D11-00A0C91BC942}") = "1 ADT Definition", "ADT Definitions\ADT Definitions.vcxproj", "{1E4AF110-107D-4929-9FA0-6186E36943ED}"
EndProject
Project("{8BC9CEB8-8B4A-11D0-8D11-00A0C91BC942}") = "2 Stacks", "Stacks\Stacks.vcxproj", "{E67C4B68-B7F6-4319-B702-96D55A2CC0E0}"
EndProject
Project("{8BC9CEB8-8B4A-11D0-8D11-00A0C91BC942}") = "3 Queue", "Queue\Queue.vcxproj", "{F4992A29-8768-493D-923F-09F34E0EE27A}"
EndProject
Project("{8BC9CEB8-8B4A-11D0-8D11-00A0C91BC942}") = "4 Circular Queue", "Circular Queue\Circular Queue.vcxproj", "{6FE35655-A730-4ABE-A808-CCD0BF0AB6BA}"
EndProject
Project("{8BC9CEB8-8B4A-11D0-8D11-00A0C91BC942}") = "5 Singly Linked Lists", "Singly Linked Lists\Singly Linked Lists.vcxproj", "{D817ACF3-B3F4-49D6-BBA0-4CE2AA9490F5}"
EndProject
Project("{8BC9CEB8-8B4A-11D0-8D11-00A0C91BC942}") = "ShowerThoughts", "ShowerThoughts\ShowerThoughts.vcxproj", "{F97F7829-E2C9-4225-BBF6-898F504708F2}"
EndProject
Project("{2150E333-8FDC-42A3-9474-1A3956D46DE8}") = "Thoughts", "Thoughts", "{2BF6CD1E-EB56-4309-8ED4-EC64E6F32304}"
EndProject
Project("{8BC9CEB8-8B4A-11D0-8D11-00A0C91BC942}") = "6 Doubly Linked List", "Doubly Linked List\Doubly Linked List.vcxproj", "{E1AAA3B6-BFFB-41FB-852F-C62A2BEA14D0}"
EndProject
Project("{8BC9CEB8-8B4A-11D0-8D11-00A0C91BC942}") = "7 Circular Linked List", "Circular Linked List\Circular Linked List.vcxproj", "{2BD75E80-D3C8-4F58-8AF2-F64A3F3DDE1D}"
EndProject
Project("{8BC9CEB8-8B4A-11D0-8D11-00A0C91BC942}") = "A_Linear Search Algo", "Linear Search Algo\Linear Search Algo.vcxproj", "{9EDE2670-B98D-4B36-8DE8-8D18090559A0}"
EndProject
Project("{2150E333-8FDC-42A3-9474-1A3956D46DE8}") = "Data Strucutures", "Data Strucutures", "{63392486-DEBB-4E7A-B936-5F5B1B32B5F8}"
EndProject
Project("{2150E333-8FDC-42A3-9474-1A3956D46DE8}") = "Algorithms", "Algorithms", "{8C925B99-2AE8-466E-99E3-27B9D4DF1418}"
EndProject
Project("{8BC9CEB8-8B4A-11D0-8D11-00A0C91BC942}") = "B_Binary Search Algo", "Binary Search Algo\Binary Search Algo.vcxproj", "{1786BDA5-D0C7-4650-81AD-7A3BB8597AAD}"
EndProject
Project("{8BC9CEB8-8B4A-11D0-8D11-00A0C91BC942}") = "D_insertion sort", "insertion sort\insertion sort.vcxproj", "{8A996C0A-4BC2-41F9-B7A1-18B5F26FAB7E}"
EndProject
Project("{8BC9CEB8-8B4A-11D0-8D11-00A0C91BC942}") = "E_Bubble Sort", "Bubble Sort\Bubble Sort.vcxproj", "{CC526A74-35CD-4D86-B453-75C50B1A4130}"
EndProject
Project("{8BC9CEB8-8B4A-11D0-8D11-00A0C91BC942}") = "F_Merge Sort", "Merge Sort\Merge Sort.vcxproj", "{F6D4E9C4-B92F-45AB-9FFF-F474F6F7B826}"
EndProject
Project("{8BC9CEB8-8B4A-11D0-8D11-00A0C91BC942}") = "G_Quick Sort", "Quick Sort\Quick Sort.vcxproj", "{E73E480A-801F-4101-B460-1FF8BE1DF7A9}"
EndProject
Project("{8BC9CEB8-8B4A-11D0-8D11-00A0C91BC942}") = "C_Selection Sort", "Selection Sort\Selection Sort.vcxproj", "{60E57706-D013-4B29-8914-33BA266AEE23}"
EndProject
Project("{8BC9CEB8-8B4A-11D0-8D11-00A0C91BC942}") = "H_Counting Sort", "Counting Sort\Counting Sort.vcxproj", "{48BE25DF-0E10-474A-AA1B-2F12E53646AA}"
EndProject
Project("{8BC9CEB8-8B4A-11D0-8D11-00A0C91BC942}") = "I_Radix Sort", "Radix Sort\Radix Sort.vcxproj", "{457699E6-7821-4369-8D61-E277D37A85AE}"
EndProject
Project("{8BC9CEB8-8B4A-11D0-8D11-00A0C91BC942}") = "J_Shell Sort", "Shell Sort\Shell Sort.vcxproj", "{3BD847D4-31A5-4F23-883C-1E58377F4564}"
EndProject
Global
	GlobalSection(SolutionConfigurationPlatforms) = preSolution
		Debug|Any CPU = Debug|Any CPU
		Debug|x64 = Debug|x64
		Debug|x86 = Debug|x86
		Release|Any CPU = Release|Any CPU
		Release|x64 = Release|x64
		Release|x86 = Release|x86
	EndGlobalSection
	GlobalSection(ProjectConfigurationPlatforms) = postSolution
		{1E4AF110-107D-4929-9FA0-6186E36943ED}.Debug|Any CPU.ActiveCfg = Debug|x64
		{1E4AF110-107D-4929-9FA0-6186E36943ED}.Debug|Any CPU.Build.0 = Debug|x64
		{1E4AF110-107D-4929-9FA0-6186E36943ED}.Debug|x64.ActiveCfg = Debug|x64
		{1E4AF110-107D-4929-9FA0-6186E36943ED}.Debug|x64.Build.0 = Debug|x64
		{1E4AF110-107D-4929-9FA0-6186E36943ED}.Debug|x86.ActiveCfg = Debug|Win32
		{1E4AF110-107D-4929-9FA0-6186E36943ED}.Debug|x86.Build.0 = Debug|Win32
		{1E4AF110-107D-4929-9FA0-6186E36943ED}.Release|Any CPU.ActiveCfg = Release|x64
		{1E4AF110-107D-4929-9FA0-6186E36943ED}.Release|Any CPU.Build.0 = Release|x64
		{1E4AF110-107D-4929-9FA0-6186E36943ED}.Release|x64.ActiveCfg = Release|x64
		{1E4AF110-107D-4929-9FA0-6186E36943ED}.Release|x64.Build.0 = Release|x64
		{1E4AF110-107D-4929-9FA0-6186E36943ED}.Release|x86.ActiveCfg = Release|Win32
		{1E4AF110-107D-4929-9FA0-6186E36943ED}.Release|x86.Build.0 = Release|Win32
		{E67C4B68-B7F6-4319-B702-96D55A2CC0E0}.Debug|Any CPU.ActiveCfg = Debug|x64
		{E67C4B68-B7F6-4319-B702-96D55A2CC0E0}.Debug|Any CPU.Build.0 = Debug|x64
		{E67C4B68-B7F6-4319-B702-96D55A2CC0E0}.Debug|x64.ActiveCfg = Debug|x64
		{E67C4B68-B7F6-4319-B702-96D55A2CC0E0}.Debug|x64.Build.0 = Debug|x64
		{E67C4B68-B7F6-4319-B702-96D55A2CC0E0}.Debug|x86.ActiveCfg = Debug|Win32
		{E67C4B68-B7F6-4319-B702-96D55A2CC0E0}.Debug|x86.Build.0 = Debug|Win32
		{E67C4B68-B7F6-4319-B702-96D55A2CC0E0}.Release|Any CPU.ActiveCfg = Release|x64
		{E67C4B68-B7F6-4319-B702-96D55A2CC0E0}.Release|Any CPU.Build.0 = Release|x64
		{E67C4B68-B7F6-4319-B702-96D55A2CC0E0}.Release|x64.ActiveCfg = Release|x64
		{E67C4B68-B7F6-4319-B702-96D55A2CC0E0}.Release|x64.Build.0 = Release|x64
		{E67C4B68-B7F6-4319-B702-96D55A2CC0E0}.Release|x86.ActiveCfg = Release|Win32
		{E67C4B68-B7F6-4319-B702-96D55A2CC0E0}.Release|x86.Build.0 = Release|Win32
		{F4992A29-8768-493D-923F-09F34E0EE27A}.Debug|Any CPU.ActiveCfg = Debug|x64
		{F4992A29-8768-493D-923F-09F34E0EE27A}.Debug|Any CPU.Build.0 = Debug|x64
		{F4992A29-8768-493D-923F-09F34E0EE27A}.Debug|x64.ActiveCfg = Debug|x64
		{F4992A29-8768-493D-923F-09F34E0EE27A}.Debug|x64.Build.0 = Debug|x64
		{F4992A29-8768-493D-923F-09F34E0EE27A}.Debug|x86.ActiveCfg = Debug|Win32
		{F4992A29-8768-493D-923F-09F34E0EE27A}.Debug|x86.Build.0 = Debug|Win32
		{F4992A29-8768-493D-923F-09F34E0EE27A}.Release|Any CPU.ActiveCfg = Release|x64
		{F4992A29-8768-493D-923F-09F34E0EE27A}.Release|Any CPU.Build.0 = Release|x64
		{F4992A29-8768-493D-923F-09F34E0EE27A}.Release|x64.ActiveCfg = Release|x64
		{F4992A29-8768-493D-923F-09F34E0EE27A}.Release|x64.Build.0 = Release|x64
		{F4992A29-8768-493D-923F-09F34E0EE27A}.Release|x86.ActiveCfg = Release|Win32
		{F4992A29-8768-493D-923F-09F34E0EE27A}.Release|x86.Build.0 = Release|Win32
		{6FE35655-A730-4ABE-A808-CCD0BF0AB6BA}.Debug|Any CPU.ActiveCfg = Debug|x64
		{6FE35655-A730-4ABE-A808-CCD0BF0AB6BA}.Debug|Any CPU.Build.0 = Debug|x64
		{6FE35655-A730-4ABE-A808-CCD0BF0AB6BA}.Debug|x64.ActiveCfg = Debug|x64
		{6FE35655-A730-4ABE-A808-CCD0BF0AB6BA}.Debug|x64.Build.0 = Debug|x64
		{6FE35655-A730-4ABE-A808-CCD0BF0AB6BA}.Debug|x86.ActiveCfg = Debug|Win32
		{6FE35655-A730-4ABE-A808-CCD0BF0AB6BA}.Debug|x86.Build.0 = Debug|Win32
		{6FE35655-A730-4ABE-A808-CCD0BF0AB6BA}.Release|Any CPU.ActiveCfg = Release|x64
		{6FE35655-A730-4ABE-A808-CCD0BF0AB6BA}.Release|Any CPU.Build.0 = Release|x64
		{6FE35655-A730-4ABE-A808-CCD0BF0AB6BA}.Release|x64.ActiveCfg = Release|x64
		{6FE35655-A730-4ABE-A808-CCD0BF0AB6BA}.Release|x64.Build.0 = Release|x64
		{6FE35655-A730-4ABE-A808-CCD0BF0AB6BA}.Release|x86.ActiveCfg = Release|Win32
		{6FE35655-A730-4ABE-A808-CCD0BF0AB6BA}.Release|x86.Build.0 = Release|Win32
		{D817ACF3-B3F4-49D6-BBA0-4CE2AA9490F5}.Debug|Any CPU.ActiveCfg = Debug|x64
		{D817ACF3-B3F4-49D6-BBA0-4CE2AA9490F5}.Debug|Any CPU.Build.0 = Debug|x64
		{D817ACF3-B3F4-49D6-BBA0-4CE2AA9490F5}.Debug|x64.ActiveCfg = Debug|x64
		{D817ACF3-B3F4-49D6-BBA0-4CE2AA9490F5}.Debug|x64.Build.0 = Debug|x64
		{D817ACF3-B3F4-49D6-BBA0-4CE2AA9490F5}.Debug|x86.ActiveCfg = Debug|Win32
		{D817ACF3-B3F4-49D6-BBA0-4CE2AA9490F5}.Debug|x86.Build.0 = Debug|Win32
		{D817ACF3-B3F4-49D6-BBA0-4CE2AA9490F5}.Release|Any CPU.ActiveCfg = Release|x64
		{D817ACF3-B3F4-49D6-BBA0-4CE2AA9490F5}.Release|Any CPU.Build.0 = Release|x64
		{D817ACF3-B3F4-49D6-BBA0-4CE2AA9490F5}.Release|x64.ActiveCfg = Release|x64
		{D817ACF3-B3F4-49D6-BBA0-4CE2AA9490F5}.Release|x64.Build.0 = Release|x64
		{D817ACF3-B3F4-49D6-BBA0-4CE2AA9490F5}.Release|x86.ActiveCfg = Release|Win32
		{D817ACF3-B3F4-49D6-BBA0-4CE2AA9490F5}.Release|x86.Build.0 = Release|Win32
		{F97F7829-E2C9-4225-BBF6-898F504708F2}.Debug|Any CPU.ActiveCfg = Debug|x64
		{F97F7829-E2C9-4225-BBF6-898F504708F2}.Debug|Any CPU.Build.0 = Debug|x64
		{F97F7829-E2C9-4225-BBF6-898F504708F2}.Debug|x64.ActiveCfg = Debug|x64
		{F97F7829-E2C9-4225-BBF6-898F504708F2}.Debug|x64.Build.0 = Debug|x64
		{F97F7829-E2C9-4225-BBF6-898F504708F2}.Debug|x86.ActiveCfg = Debug|Win32
		{F97F7829-E2C9-4225-BBF6-898F504708F2}.Debug|x86.Build.0 = Debug|Win32
		{F97F7829-E2C9-4225-BBF6-898F504708F2}.Release|Any CPU.ActiveCfg = Release|x64
		{F97F7829-E2C9-4225-BBF6-898F504708F2}.Release|Any CPU.Build.0 = Release|x64
		{F97F7829-E2C9-4225-BBF6-898F504708F2}.Release|x64.ActiveCfg = Release|x64
		{F97F7829-E2C9-4225-BBF6-898F504708F2}.Release|x64.Build.0 = Release|x64
		{F97F7829-E2C9-4225-BBF6-898F504708F2}.Release|x86.ActiveCfg = Release|Win32
		{F97F7829-E2C9-4225-BBF6-898F504708F2}.Release|x86.Build.0 = Release|Win32
		{E1AAA3B6-BFFB-41FB-852F-C62A2BEA14D0}.Debug|Any CPU.ActiveCfg = Debug|x64
		{E1AAA3B6-BFFB-41FB-852F-C62A2BEA14D0}.Debug|Any CPU.Build.0 = Debug|x64
		{E1AAA3B6-BFFB-41FB-852F-C62A2BEA14D0}.Debug|x64.ActiveCfg = Debug|x64
		{E1AAA3B6-BFFB-41FB-852F-C62A2BEA14D0}.Debug|x64.Build.0 = Debug|x64
		{E1AAA3B6-BFFB-41FB-852F-C62A2BEA14D0}.Debug|x86.ActiveCfg = Debug|Win32
		{E1AAA3B6-BFFB-41FB-852F-C62A2BEA14D0}.Debug|x86.Build.0 = Debug|Win32
		{E1AAA3B6-BFFB-41FB-852F-C62A2BEA14D0}.Release|Any CPU.ActiveCfg = Release|x64
		{E1AAA3B6-BFFB-41FB-852F-C62A2BEA14D0}.Release|Any CPU.Build.0 = Release|x64
		{E1AAA3B6-BFFB-41FB-852F-C62A2BEA14D0}.Release|x64.ActiveCfg = Release|x64
		{E1AAA3B6-BFFB-41FB-852F-C62A2BEA14D0}.Release|x64.Build.0 = Release|x64
		{E1AAA3B6-BFFB-41FB-852F-C62A2BEA14D0}.Release|x86.ActiveCfg = Release|Win32
		{E1AAA3B6-BFFB-41FB-852F-C62A2BEA14D0}.Release|x86.Build.0 = Release|Win32
		{2BD75E80-D3C8-4F58-8AF2-F64A3F3DDE1D}.Debug|Any CPU.ActiveCfg = Debug|x64
		{2BD75E80-D3C8-4F58-8AF2-F64A3F3DDE1D}.Debug|Any CPU.Build.0 = Debug|x64
		{2BD75E80-D3C8-4F58-8AF2-F64A3F3DDE1D}.Debug|x64.ActiveCfg = Debug|x64
		{2BD75E80-D3C8-4F58-8AF2-F64A3F3DDE1D}.Debug|x64.Build.0 = Debug|x64
		{2BD75E80-D3C8-4F58-8AF2-F64A3F3DDE1D}.Debug|x86.ActiveCfg = Debug|Win32
		{2BD75E80-D3C8-4F58-8AF2-F64A3F3DDE1D}.Debug|x86.Build.0 = Debug|Win32
		{2BD75E80-D3C8-4F58-8AF2-F64A3F3DDE1D}.Release|Any CPU.ActiveCfg = Release|x64
		{2BD75E80-D3C8-4F58-8AF2-F64A3F3DDE1D}.Release|Any CPU.Build.0 = Release|x64
		{2BD75E80-D3C8-4F58-8AF2-F64A3F3DDE1D}.Release|x64.ActiveCfg = Release|x64
		{2BD75E80-D3C8-4F58-8AF2-F64A3F3DDE1D}.Release|x64.Build.0 = Release|x64
		{2BD75E80-D3C8-4F58-8AF2-F64A3F3DDE1D}.Release|x86.ActiveCfg = Release|Win32
		{2BD75E80-D3C8-4F58-8AF2-F64A3F3DDE1D}.Release|x86.Build.0 = Release|Win32
		{9EDE2670-B98D-4B36-8DE8-8D18090559A0}.Debug|Any CPU.ActiveCfg = Debug|x64
		{9EDE2670-B98D-4B36-8DE8-8D18090559A0}.Debug|Any CPU.Build.0 = Debug|x64
		{9EDE2670-B98D-4B36-8DE8-8D18090559A0}.Debug|x64.ActiveCfg = Debug|x64
		{9EDE2670-B98D-4B36-8DE8-8D18090559A0}.Debug|x64.Build.0 = Debug|x64
		{9EDE2670-B98D-4B36-8DE8-8D18090559A0}.Debug|x86.ActiveCfg = Debug|Win32
		{9EDE2670-B98D-4B36-8DE8-8D18090559A0}.Debug|x86.Build.0 = Debug|Win32
		{9EDE2670-B98D-4B36-8DE8-8D18090559A0}.Release|Any CPU.ActiveCfg = Release|x64
		{9EDE2670-B98D-4B36-8DE8-8D18090559A0}.Release|Any CPU.Build.0 = Release|x64
		{9EDE2670-B98D-4B36-8DE8-8D18090559A0}.Release|x64.ActiveCfg = Release|x64
		{9EDE2670-B98D-4B36-8DE8-8D18090559A0}.Release|x64.Build.0 = Release|x64
		{9EDE2670-B98D-4B36-8DE8-8D18090559A0}.Release|x86.ActiveCfg = Release|Win32
		{9EDE2670-B98D-4B36-8DE8-8D18090559A0}.Release|x86.Build.0 = Release|Win32
		{1786BDA5-D0C7-4650-81AD-7A3BB8597AAD}.Debug|Any CPU.ActiveCfg = Debug|x64
		{1786BDA5-D0C7-4650-81AD-7A3BB8597AAD}.Debug|Any CPU.Build.0 = Debug|x64
		{1786BDA5-D0C7-4650-81AD-7A3BB8597AAD}.Debug|x64.ActiveCfg = Debug|x64
		{1786BDA5-D0C7-4650-81AD-7A3BB8597AAD}.Debug|x64.Build.0 = Debug|x64
		{1786BDA5-D0C7-4650-81AD-7A3BB8597AAD}.Debug|x86.ActiveCfg = Debug|Win32
		{1786BDA5-D0C7-4650-81AD-7A3BB8597AAD}.Debug|x86.Build.0 = Debug|Win32
		{1786BDA5-D0C7-4650-81AD-7A3BB8597AAD}.Release|Any CPU.ActiveCfg = Release|x64
		{1786BDA5-D0C7-4650-81AD-7A3BB8597AAD}.Release|Any CPU.Build.0 = Release|x64
		{1786BDA5-D0C7-4650-81AD-7A3BB8597AAD}.Release|x64.ActiveCfg = Release|x64
		{1786BDA5-D0C7-4650-81AD-7A3BB8597AAD}.Release|x64.Build.0 = Release|x64
		{1786BDA5-D0C7-4650-81AD-7A3BB8597AAD}.Release|x86.ActiveCfg = Release|Win32
		{1786BDA5-D0C7-4650-81AD-7A3BB8597AAD}.Release|x86.Build.0 = Release|Win32
		{8A996C0A-4BC2-41F9-B7A1-18B5F26FAB7E}.Debug|Any CPU.ActiveCfg = Debug|x64
		{8A996C0A-4BC2-41F9-B7A1-18B5F26FAB7E}.Debug|Any CPU.Build.0 = Debug|x64
		{8A996C0A-4BC2-41F9-B7A1-18B5F26FAB7E}.Debug|x64.ActiveCfg = Debug|x64
		{8A996C0A-4BC2-41F9-B7A1-18B5F26FAB7E}.Debug|x64.Build.0 = Debug|x64
		{8A996C0A-4BC2-41F9-B7A1-18B5F26FAB7E}.Debug|x86.ActiveCfg = Debug|Win32
		{8A996C0A-4BC2-41F9-B7A1-18B5F26FAB7E}.Debug|x86.Build.0 = Debug|Win32
		{8A996C0A-4BC2-41F9-B7A1-18B5F26FAB7E}.Release|Any CPU.ActiveCfg = Release|x64
		{8A996C0A-4BC2-41F9-B7A1-18B5F26FAB7E}.Release|Any CPU.Build.0 = Release|x64
		{8A996C0A-4BC2-41F9-B7A1-18B5F26FAB7E}.Release|x64.ActiveCfg = Release|x64
		{8A996C0A-4BC2-41F9-B7A1-18B5F26FAB7E}.Release|x64.Build.0 = Release|x64
		{8A996C0A-4BC2-41F9-B7A1-18B5F26FAB7E}.Release|x86.ActiveCfg = Release|Win32
		{8A996C0A-4BC2-41F9-B7A1-18B5F26FAB7E}.Release|x86.Build.0 = Release|Win32
		{CC526A74-35CD-4D86-B453-75C50B1A4130}.Debug|Any CPU.ActiveCfg = Debug|x64
		{CC526A74-35CD-4D86-B453-75C50B1A4130}.Debug|Any CPU.Build.0 = Debug|x64
		{CC526A74-35CD-4D86-B453-75C50B1A4130}.Debug|x64.ActiveCfg = Debug|x64
		{CC526A74-35CD-4D86-B453-75C50B1A4130}.Debug|x64.Build.0 = Debug|x64
		{CC526A74-35CD-4D86-B453-75C50B1A4130}.Debug|x86.ActiveCfg = Debug|Win32
		{CC526A74-35CD-4D86-B453-75C50B1A4130}.Debug|x86.Build.0 = Debug|Win32
		{CC526A74-35CD-4D86-B453-75C50B1A4130}.Release|Any CPU.ActiveCfg = Release|x64
		{CC526A74-35CD-4D86-B453-75C50B1A4130}.Release|Any CPU.Build.0 = Release|x64
		{CC526A74-35CD-4D86-B453-75C50B1A4130}.Release|x64.ActiveCfg = Release|x64
		{CC526A74-35CD-4D86-B453-75C50B1A4130}.Release|x64.Build.0 = Release|x64
		{CC526A74-35CD-4D86-B453-75C50B1A4130}.Release|x86.ActiveCfg = Release|Win32
		{CC526A74-35CD-4D86-B453-75C50B1A4130}.Release|x86.Build.0 = Release|Win32
		{F6D4E9C4-B92F-45AB-9FFF-F474F6F7B826}.Debug|Any CPU.ActiveCfg = Debug|x64
		{F6D4E9C4-B92F-45AB-9FFF-F474F6F7B826}.Debug|Any CPU.Build.0 = Debug|x64
		{F6D4E9C4-B92F-45AB-9FFF-F474F6F7B826}.Debug|x64.ActiveCfg = Debug|x64
		{F6D4E9C4-B92F-45AB-9FFF-F474F6F7B826}.Debug|x64.Build.0 = Debug|x64
		{F6D4E9C4-B92F-45AB-9FFF-F474F6F7B826}.Debug|x86.ActiveCfg = Debug|Win32
		{F6D4E9C4-B92F-45AB-9FFF-F474F6F7B826}.Debug|x86.Build.0 = Debug|Win32
		{F6D4E9C4-B92F-45AB-9FFF-F474F6F7B826}.Release|Any CPU.ActiveCfg = Release|x64
		{F6D4E9C4-B92F-45AB-9FFF-F474F6F7B826}.Release|Any CPU.Build.0 = Release|x64
		{F6D4E9C4-B92F-45AB-9FFF-F474F6F7B826}.Release|x64.ActiveCfg = Release|x64
		{F6D4E9C4-B92F-45AB-9FFF-F474F6F7B826}.Release|x64.Build.0 = Release|x64
		{F6D4E9C4-B92F-45AB-9FFF-F474F6F7B826}.Release|x86.ActiveCfg = Release|Win32
		{F6D4E9C4-B92F-45AB-9FFF-F474F6F7B826}.Release|x86.Build.0 = Release|Win32
		{E73E480A-801F-4101-B460-1FF8BE1DF7A9}.Debug|Any CPU.ActiveCfg = Debug|x64
		{E73E480A-801F-4101-B460-1FF8BE1DF7A9}.Debug|Any CPU.Build.0 = Debug|x64
		{E73E480A-801F-4101-B460-1FF8BE1DF7A9}.Debug|x64.ActiveCfg = Debug|x64
		{E73E480A-801F-4101-B460-1FF8BE1DF7A9}.Debug|x64.Build.0 = Debug|x64
		{E73E480A-801F-4101-B460-1FF8BE1DF7A9}.Debug|x86.ActiveCfg = Debug|Win32
		{E73E480A-801F-4101-B460-1FF8BE1DF7A9}.Debug|x86.Build.0 = Debug|Win32
		{E73E480A-801F-4101-B460-1FF8BE1DF7A9}.Release|Any CPU.ActiveCfg = Release|x64
		{E73E480A-801F-4101-B460-1FF8BE1DF7A9}.Release|Any CPU.Build.0 = Release|x64
		{E73E480A-801F-4101-B460-1FF8BE1DF7A9}.Release|x64.ActiveCfg = Release|x64
		{E73E480A-801F-4101-B460-1FF8BE1DF7A9}.Release|x64.Build.0 = Release|x64
		{E73E480A-801F-4101-B460-1FF8BE1DF7A9}.Release|x86.ActiveCfg = Release|Win32
		{E73E480A-801F-4101-B460-1FF8BE1DF7A9}.Release|x86.Build.0 = Release|Win32
		{60E57706-D013-4B29-8914-33BA266AEE23}.Debug|Any CPU.ActiveCfg = Debug|x64
		{60E57706-D013-4B29-8914-33BA266AEE23}.Debug|Any CPU.Build.0 = Debug|x64
		{60E57706-D013-4B29-8914-33BA266AEE23}.Debug|x64.ActiveCfg = Debug|x64
		{60E57706-D013-4B29-8914-33BA266AEE23}.Debug|x64.Build.0 = Debug|x64
		{60E57706-D013-4B29-8914-33BA266AEE23}.Debug|x86.ActiveCfg = Debug|Win32
		{60E57706-D013-4B29-8914-33BA266AEE23}.Debug|x86.Build.0 = Debug|Win32
		{60E57706-D013-4B29-8914-33BA266AEE23}.Release|Any CPU.ActiveCfg = Release|x64
		{60E57706-D013-4B29-8914-33BA266AEE23}.Release|Any CPU.Build.0 = Release|x64
		{60E57706-D013-4B29-8914-33BA266AEE23}.Release|x64.ActiveCfg = Release|x64
		{60E57706-D013-4B29-8914-33BA266AEE23}.Release|x64.Build.0 = Release|x64
		{60E57706-D013-4B29-8914-33BA266AEE23}.Release|x86.ActiveCfg = Release|Win32
		{60E57706-D013-4B29-8914-33BA266AEE23}.Release|x86.Build.0 = Release|Win32
		{48BE25DF-0E10-474A-AA1B-2F12E53646AA}.Debug|Any CPU.ActiveCfg = Debug|x64
		{48BE25DF-0E10-474A-AA1B-2F12E53646AA}.Debug|Any CPU.Build.0 = Debug|x64
		{48BE25DF-0E10-474A-AA1B-2F12E53646AA}.Debug|x64.ActiveCfg = Debug|x64
		{48BE25DF-0E10-474A-AA1B-2F12E53646AA}.Debug|x64.Build.0 = Debug|x64
		{48BE25DF-0E10-474A-AA1B-2F12E53646AA}.Debug|x86.ActiveCfg = Debug|Win32
		{48BE25DF-0E10-474A-AA1B-2F12E53646AA}.Debug|x86.Build.0 = Debug|Win32
		{48BE25DF-0E10-474A-AA1B-2F12E53646AA}.Release|Any CPU.ActiveCfg = Release|x64
		{48BE25DF-0E10-474A-AA1B-2F12E53646AA}.Release|Any CPU.Build.0 = Release|x64
		{48BE25DF-0E10-474A-AA1B-2F12E53646AA}.Release|x64.ActiveCfg = Release|x64
		{48BE25DF-0E10-474A-AA1B-2F12E53646AA}.Release|x64.Build.0 = Release|x64
		{48BE25DF-0E10-474A-AA1B-2F12E53646AA}.Release|x86.ActiveCfg = Release|Win32
		{48BE25DF-0E10-474A-AA1B-2F12E53646AA}.Release|x86.Build.0 = Release|Win32
		{457699E6-7821-4369-8D61-E277D37A85AE}.Debug|Any CPU.ActiveCfg = Debug|x64
		{457699E6-7821-4369-8D61-E277D37A85AE}.Debug|Any CPU.Build.0 = Debug|x64
		{457699E6-7821-4369-8D61-E277D37A85AE}.Debug|x64.ActiveCfg = Debug|x64
		{457699E6-7821-4369-8D61-E277D37A85AE}.Debug|x64.Build.0 = Debug|x64
		{457699E6-7821-4369-8D61-E277D37A85AE}.Debug|x86.ActiveCfg = Debug|Win32
		{457699E6-7821-4369-8D61-E277D37A85AE}.Debug|x86.Build.0 = Debug|Win32
		{457699E6-7821-4369-8D61-E277D37A85AE}.Release|Any CPU.ActiveCfg = Release|x64
		{457699E6-7821-4369-8D61-E277D37A85AE}.Release|Any CPU.Build.0 = Release|x64
		{457699E6-7821-4369-8D61-E277D37A85AE}.Release|x64.ActiveCfg = Release|x64
		{457699E6-7821-4369-8D61-E277D37A85AE}.Release|x64.Build.0 = Release|x64
		{457699E6-7821-4369-8D61-E277D37A85AE}.Release|x86.ActiveCfg = Release|Win32
		{457699E6-7821-4369-8D61-E277D37A85AE}.Release|x86.Build.0 = Release|Win32
		{3BD847D4-31A5-4F23-883C-1E58377F4564}.Debug|Any CPU.ActiveCfg = Debug|x64
		{3BD847D4-31A5-4F23-883C-1E58377F4564}.Debug|Any CPU.Build.0 = Debug|x64
		{3BD847D4-31A5-4F23-883C-1E58377F4564}.Debug|x64.ActiveCfg = Debug|x64
		{3BD847D4-31A5-4F23-883C-1E58377F4564}.Debug|x64.Build.0 = Debug|x64
		{3BD847D4-31A5-4F23-883C-1E58377F4564}.Debug|x86.ActiveCfg = Debug|Win32
		{3BD847D4-31A5-4F23-883C-1E58377F4564}.Debug|x86.Build.0 = Debug|Win32
		{3BD847D4-31A5-4F23-883C-1E58377F4564}.Release|Any CPU.ActiveCfg = Release|x64
		{3BD847D4-31A5-4F23-883C-1E58377F4564}.Release|Any CPU.Build.0 = Release|x64
		{3BD847D4-31A5-4F23-883C-1E58377F4564}.Release|x64.ActiveCfg = Release|x64
		{3BD847D4-31A5-4F23-883C-1E58377F4564}.Release|x64.Build.0 = Release|x64
		{3BD847D4-31A5-4F23-883C-1E58377F4564}.Release|x86.ActiveCfg = Release|Win32
		{3BD847D4-31A5-4F23-883C-1E58377F4564}.Release|x86.Build.0 = Release|Win32
	EndGlobalSection
	GlobalSection(SolutionProperties) = preSolution
		HideSolutionNode = FALSE
	EndGlobalSection
	GlobalSection(NestedProjects) = preSolution
		{1E4AF110-107D-4929-9FA0-6186E36943ED} = {63392486-DEBB-4E7A-B936-5F5B1B32B5F8}
		{E67C4B68-B7F6-4319-B702-96D55A2CC0E0} = {63392486-DEBB-4E7A-B936-5F5B1B32B5F8}
		{F4992A29-8768-493D-923F-09F34E0EE27A} = {63392486-DEBB-4E7A-B936-5F5B1B32B5F8}
		{6FE35655-A730-4ABE-A808-CCD0BF0AB6BA} = {63392486-DEBB-4E7A-B936-5F5B1B32B5F8}
		{D817ACF3-B3F4-49D6-BBA0-4CE2AA9490F5} = {63392486-DEBB-4E7A-B936-5F5B1B32B5F8}
		{F97F7829-E2C9-4225-BBF6-898F504708F2} = {2BF6CD1E-EB56-4309-8ED4-EC64E6F32304}
		{E1AAA3B6-BFFB-41FB-852F-C62A2BEA14D0} = {63392486-DEBB-4E7A-B936-5F5B1B32B5F8}
		{2BD75E80-D3C8-4F58-8AF2-F64A3F3DDE1D} = {63392486-DEBB-4E7A-B936-5F5B1B32B5F8}
		{9EDE2670-B98D-4B36-8DE8-8D18090559A0} = {8C925B99-2AE8-466E-99E3-27B9D4DF1418}
		{1786BDA5-D0C7-4650-81AD-7A3BB8597AAD} = {8C925B99-2AE8-466E-99E3-27B9D4DF1418}
		{8A996C0A-4BC2-41F9-B7A1-18B5F26FAB7E} = {8C925B99-2AE8-466E-99E3-27B9D4DF1418}
		{CC526A74-35CD-4D86-B453-75C50B1A4130} = {8C925B99-2AE8-466E-99E3-27B9D4DF1418}
		{F6D4E9C4-B92F-45AB-9FFF-F474F6F7B826} = {8C925B99-2AE8-466E-99E3-27B9D4DF1418}
		{E73E480A-801F-4101-B460-1FF8BE1DF7A9} = {8C925B99-2AE8-466E-99E3-27B9D4DF1418}
		{60E57706-D013-4B29-8914-33BA266AEE23} = {8C925B99-2AE8-466E-99E3-27B9D4DF1418}
		{48BE25DF-0E10-474A-AA1B-2F12E53646AA} = {8C925B99-2AE8-466E-99E3-27B9D4DF1418}
		{457699E6-7821-4369-8D61-E277D37A85AE} = {8C925B99-2AE8-466E-99E3-27B9D4DF1418}
		{3BD847D4-31A5-4F23-883C-1E58377F4564} = {8C925B99-2AE8-466E-99E3-27B9D4DF1418}
	EndGlobalSection
	GlobalSection(ExtensibilityGlobals) = postSolution
		SolutionGuid = {093F97BA-CE54-4141-9631-459EDAC28D05}
	EndGlobalSection
EndGlobal
